
Microsoft Visual Studio Solution File, Format Version 12.00
# Visual Studio Version 17
VisualStudioVersion = 17.0.31903.59
MinimumVisualStudioVersion = 10.0.40219.1
Project("{2150E333-8FDC-42A3-9474-1A3956D46DE8}") = "src", "src", "{827E0CD3-B72D-47B6-A68D-7590B98EB39B}"
EndProject
Project("{FAE04EC0-301F-11D3-BF4B-00C04F79EFBC}") = "FCG.Games.API", "src\FCG.Games.API\FCG.Games.API.csproj", "{E23C25C0-542B-486C-9AC7-8F59B89A45C2}"
EndProject
Project("{FAE04EC0-301F-11D3-BF4B-00C04F79EFBC}") = "FCG.Games.Infrastructure", "src\FCG.Games.Infrastructure\FCG.Games.Infrastructure.csproj", "{C45BABCC-3CE2-4A84-87DB-9157EE546EEA}"
EndProject
Project("{FAE04EC0-301F-11D3-BF4B-00C04F79EFBC}") = "FCG.Games.Domain", "src\FCG.Games.Domain\FCG.Games.Domain.csproj", "{AC2D470E-3FBE-4DF5-A085-F649E0C02D5D}"
EndProject
Global
	GlobalSection(SolutionConfigurationPlatforms) = preSolution
		Debug|Any CPU = Debug|Any CPU
		Debug|x64 = Debug|x64
		Debug|x86 = Debug|x86
		Release|Any CPU = Release|Any CPU
		Release|x64 = Release|x64
		Release|x86 = Release|x86
	EndGlobalSection
	GlobalSection(ProjectConfigurationPlatforms) = postSolution
		{E23C25C0-542B-486C-9AC7-8F59B89A45C2}.Debug|Any CPU.ActiveCfg = Debug|Any CPU
		{E23C25C0-542B-486C-9AC7-8F59B89A45C2}.Debug|Any CPU.Build.0 = Debug|Any CPU
		{E23C25C0-542B-486C-9AC7-8F59B89A45C2}.Debug|x64.ActiveCfg = Debug|Any CPU
		{E23C25C0-542B-486C-9AC7-8F59B89A45C2}.Debug|x64.Build.0 = Debug|Any CPU
		{E23C25C0-542B-486C-9AC7-8F59B89A45C2}.Debug|x86.ActiveCfg = Debug|Any CPU
		{E23C25C0-542B-486C-9AC7-8F59B89A45C2}.Debug|x86.Build.0 = Debug|Any CPU
		{E23C25C0-542B-486C-9AC7-8F59B89A45C2}.Release|Any CPU.ActiveCfg = Release|Any CPU
		{E23C25C0-542B-486C-9AC7-8F59B89A45C2}.Release|Any CPU.Build.0 = Release|Any CPU
		{E23C25C0-542B-486C-9AC7-8F59B89A45C2}.Release|x64.ActiveCfg = Release|Any CPU
		{E23C25C0-542B-486C-9AC7-8F59B89A45C2}.Release|x64.Build.0 = Release|Any CPU
		{E23C25C0-542B-486C-9AC7-8F59B89A45C2}.Release|x86.ActiveCfg = Release|Any CPU
		{E23C25C0-542B-486C-9AC7-8F59B89A45C2}.Release|x86.Build.0 = Release|Any CPU
		{C45BABCC-3CE2-4A84-87DB-9157EE546EEA}.Debug|Any CPU.ActiveCfg = Debug|Any CPU
		{C45BABCC-3CE2-4A84-87DB-9157EE546EEA}.Debug|Any CPU.Build.0 = Debug|Any CPU
		{C45BABCC-3CE2-4A84-87DB-9157EE546EEA}.Debug|x64.ActiveCfg = Debug|Any CPU
		{C45BABCC-3CE2-4A84-87DB-9157EE546EEA}.Debug|x64.Build.0 = Debug|Any CPU
		{C45BABCC-3CE2-4A84-87DB-9157EE546EEA}.Debug|x86.ActiveCfg = Debug|Any CPU
		{C45BABCC-3CE2-4A84-87DB-9157EE546EEA}.Debug|x86.Build.0 = Debug|Any CPU
		{C45BABCC-3CE2-4A84-87DB-9157EE546EEA}.Release|Any CPU.ActiveCfg = Release|Any CPU
		{C45BABCC-3CE2-4A84-87DB-9157EE546EEA}.Release|Any CPU.Build.0 = Release|Any CPU
		{C45BABCC-3CE2-4A84-87DB-9157EE546EEA}.Release|x64.ActiveCfg = Release|Any CPU
		{C45BABCC-3CE2-4A84-87DB-9157EE546EEA}.Release|x64.Build.0 = Release|Any CPU
		{C45BABCC-3CE2-4A84-87DB-9157EE546EEA}.Release|x86.ActiveCfg = Release|Any CPU
		{C45BABCC-3CE2-4A84-87DB-9157EE546EEA}.Release|x86.Build.0 = Release|Any CPU
		{AC2D470E-3FBE-4DF5-A085-F649E0C02D5D}.Debug|Any CPU.ActiveCfg = Debug|Any CPU
		{AC2D470E-3FBE-4DF5-A085-F649E0C02D5D}.Debug|Any CPU.Build.0 = Debug|Any CPU
		{AC2D470E-3FBE-4DF5-A085-F649E0C02D5D}.Debug|x64.ActiveCfg = Debug|Any CPU
		{AC2D470E-3FBE-4DF5-A085-F649E0C02D5D}.Debug|x64.Build.0 = Debug|Any CPU
		{AC2D470E-3FBE-4DF5-A085-F649E0C02D5D}.Debug|x86.ActiveCfg = Debug|Any CPU
		{AC2D470E-3FBE-4DF5-A085-F649E0C02D5D}.Debug|x86.Build.0 = Debug|Any CPU
		{AC2D470E-3FBE-4DF5-A085-F649E0C02D5D}.Release|Any CPU.ActiveCfg = Release|Any CPU
		{AC2D470E-3FBE-4DF5-A085-F649E0C02D5D}.Release|Any CPU.Build.0 = Release|Any CPU
		{AC2D470E-3FBE-4DF5-A085-F649E0C02D5D}.Release|x64.ActiveCfg = Release|Any CPU
		{AC2D470E-3FBE-4DF5-A085-F649E0C02D5D}.Release|x64.Build.0 = Release|Any CPU
		{AC2D470E-3FBE-4DF5-A085-F649E0C02D5D}.Release|x86.ActiveCfg = Release|Any CPU
		{AC2D470E-3FBE-4DF5-A085-F649E0C02D5D}.Release|x86.Build.0 = Release|Any CPU
	EndGlobalSection
	GlobalSection(SolutionProperties) = preSolution
		HideSolutionNode = FALSE
	EndGlobalSection
	GlobalSection(NestedProjects) = preSolution
		{E23C25C0-542B-486C-9AC7-8F59B89A45C2} = {827E0CD3-B72D-47B6-A68D-7590B98EB39B}
		{C45BABCC-3CE2-4A84-87DB-9157EE546EEA} = {827E0CD3-B72D-47B6-A68D-7590B98EB39B}
		{AC2D470E-3FBE-4DF5-A085-F649E0C02D5D} = {827E0CD3-B72D-47B6-A68D-7590B98EB39B}
	EndGlobalSection
EndGlobal
